# @generated - this file is auto-generated by `mise lock` https://mise.jdx.dev/dev-tools/mise-lock.html

lockfile_version = 2

[[tools.mr-boxington]]
version = "1.15.0"
backend = "packslip:github.com/jdx/mr-boxington"
specifiers = ["1.15.0"]

[tools.mr-boxington."platforms.linux-arm64"]
checksum = "sha256:36ffb9247dcddd7490abad4de5314908f766f913737b44865e03ba820046dd18"
url = "https://github.com/jdx/mr-boxington/releases/download/v1.15.0/mbx-aarch64-unknown-linux-gnu.tar.gz"
signer = "sigstore-oidc:https://github.com/jdx/mr-boxington/.github/workflows/release.yml"

[tools.mr-boxington."platforms.linux-arm64-musl"]
checksum = "sha256:d0bb6c0eb4b4ba9abed39516ab769ca62429e3e47b548848ac40becee6870c2a"
url = "https://github.com/jdx/mr-boxington/releases/download/v1.15.0/mbx-aarch64-unknown-linux-musl.tar.gz"
signer = "sigstore-oidc:https://github.com/jdx/mr-boxington/.github/workflows/release.yml"

[tools.mr-boxington."platforms.linux-x64"]
checksum = "sha256:ee89e29a76849fe6344d81187cdcdb8c7710b96d7a2f54a7f99dc9f49eba114e"
url = "https://github.com/jdx/mr-boxington/releases/download/v1.15.0/mbx-x86_64-unknown-linux-gnu.tar.gz"
signer = "sigstore-oidc:https://github.com/jdx/mr-boxington/.github/workflows/release.yml"

[tools.mr-boxington."platforms.linux-x64-musl"]
checksum = "sha256:bf9fcc7ed39e4923588f6c25a781aa59eb466fec347102a3bb1a0c2acd12ebf8"
url = "https://github.com/jdx/mr-boxington/releases/download/v1.15.0/mbx-x86_64-unknown-linux-musl.tar.gz"
signer = "sigstore-oidc:https://github.com/jdx/mr-boxington/.github/workflows/release.yml"

[tools.mr-boxington."platforms.macos-arm64"]
checksum = "sha256:291f6b5c6e3faf24497de71291ed56217f7cd685b09e24e574d69ee11b88378d"
url = "https://github.com/jdx/mr-boxington/releases/download/v1.15.0/mbx-aarch64-apple-darwin.tar.gz"
signer = "sigstore-oidc:https://github.com/jdx/mr-boxington/.github/workflows/release.yml"

[tools.mr-boxington."platforms.windows-x64"]
checksum = "sha256:ee84a19ce683e1e5e219aa5f80f3ebce5127862ff123ff5f8bc7a64286ffac0a"
url = "https://github.com/jdx/mr-boxington/releases/download/v1.15.0/mbx-x86_64-pc-windows-msvc.zip"
signer = "sigstore-oidc:https://github.com/jdx/mr-boxington/.github/workflows/release.yml"

[[tools.rust]]
version = "nightly-2026-08-16"
backend = "core:rust"
specifiers = ["nightly"]

[tools.rust.options]
components = "clippy,rustfmt"
