# @generated - this file is auto-generated by `mise lock` https://mise.jdx.dev/dev-tools/mise-lock.html

[[tools."github:victor-software-house/verctl"]]
version = "0.2.0"
backend = "github:victor-software-house/verctl"

[tools."github:victor-software-house/verctl"."platforms.linux-x64"]
checksum = "sha256:9324acd58cf1446eff181454fecb6fd138ebf35b142fbcebb09434ef01a92446"
url = "https://github.com/victor-software-house/verctl/releases/download/v0.2.0/verctl_0.2.0_linux_x64.tar.gz"
url_api = "https://api.github.com/repos/victor-software-house/verctl/releases/assets/525303023"

[tools."github:victor-software-house/verctl"."platforms.linux-x64-musl"]
checksum = "sha256:9324acd58cf1446eff181454fecb6fd138ebf35b142fbcebb09434ef01a92446"
url = "https://github.com/victor-software-house/verctl/releases/download/v0.2.0/verctl_0.2.0_linux_x64.tar.gz"
url_api = "https://api.github.com/repos/victor-software-house/verctl/releases/assets/525303023"

[tools."github:victor-software-house/verctl"."platforms.macos-arm64"]
checksum = "sha256:83839f0a61adf078aacf35e285ad4ad52515d53b416548bc59c3c1a23bf8cc35"
url = "https://github.com/victor-software-house/verctl/releases/download/v0.2.0/verctl_0.2.0_macos_arm64.tar.gz"
url_api = "https://api.github.com/repos/victor-software-house/verctl/releases/assets/525302582"
